// !$*UTF8*$!
{
	archiveVersion = 1;
	classes = {
	};
	objectVersion = 46;
	objects = {

/* Begin PBXBuildFile section */
		6A7601021D350306001F58CC /* ContactUsController.swift in Sources */ = {isa = PBXBuildFile; fileRef = 6A7601011D350306001F58CC /* ContactUsController.swift */; };
		6A98DECC1D4A8363000E1525 /* ChannelController.swift in Sources */ = {isa = PBXBuildFile; fileRef = 6A98DECB1D4A8363000E1525 /* ChannelController.swift */; };
		6A99828C1D2180A000178C8E /* WebViewController.swift in Sources */ = {isa = PBXBuildFile; fileRef = 6A99828B1D2180A000178C8E /* WebViewController.swift */; };
		6A9A14021D2344F8009AFE29 /* ProgrammingListViewController.swift in Sources */ = {isa = PBXBuildFile; fileRef = 6A9A14011D2344F8009AFE29 /* ProgrammingListViewController.swift */; };
		6A9CFD351D20EFFB00E1E409 /* AppDelegate.swift in Sources */ = {isa = PBXBuildFile; fileRef = 6A9CFD341D20EFFB00E1E409 /* AppDelegate.swift */; };
		6A9CFD371D20EFFB00E1E409 /* ViewController.swift in Sources */ = {isa = PBXBuildFile; fileRef = 6A9CFD361D20EFFB00E1E409 /* ViewController.swift */; };
		6A9CFD3A1D20EFFB00E1E409 /* Main.storyboard in Resources */ = {isa = PBXBuildFile; fileRef = 6A9CFD381D20EFFB00E1E409 /* Main.storyboard */; };
		6A9CFD3F1D20EFFB00E1E409 /* Assets.xcassets in Resources */ = {isa = PBXBuildFile; fileRef = 6A9CFD3E1D20EFFB00E1E409 /* Assets.xcassets */; };
		6A9CFD421D20EFFB00E1E409 /* LaunchScreen.storyboard in Resources */ = {isa = PBXBuildFile; fileRef = 6A9CFD401D20EFFB00E1E409 /* LaunchScreen.storyboard */; };
		6A9CFD4A1D20FDA500E1E409 /* Custome.swift in Sources */ = {isa = PBXBuildFile; fileRef = 6A9CFD491D20FDA500E1E409 /* Custome.swift */; };
		6AA5E4E41D68A9DF004572A9 /* WebArticleViewController.swift in Sources */ = {isa = PBXBuildFile; fileRef = 6AA5E4E31D68A9DF004572A9 /* WebArticleViewController.swift */; };
		6AA74CBD1D2E5596005298EF /* FeedBackClass.swift in Sources */ = {isa = PBXBuildFile; fileRef = 6AA74CBC1D2E5596005298EF /* FeedBackClass.swift */; };
		6ADE559C1D269AAE00C0ECAF /* Assets.ProgrammingList.xcassets in Resources */ = {isa = PBXBuildFile; fileRef = 6ADE559B1D269AAE00C0ECAF /* Assets.ProgrammingList.xcassets */; };
		6ADE559E1D26A02900C0ECAF /* ProgrammingListTableViewCell.swift in Sources */ = {isa = PBXBuildFile; fileRef = 6ADE559D1D26A02900C0ECAF /* ProgrammingListTableViewCell.swift */; };
/* End PBXBuildFile section */

/* Begin PBXFileReference section */
		6A7601011D350306001F58CC /* ContactUsController.swift */ = {isa = PBXFileReference; fileEncoding = 4; lastKnownFileType = sourcecode.swift; path = ContactUsController.swift; sourceTree = "<group>"; };
		6A98DECB1D4A8363000E1525 /* ChannelController.swift */ = {isa = PBXFileReference; fileEncoding = 4; lastKnownFileType = sourcecode.swift; path = ChannelController.swift; sourceTree = "<group>"; };
		6A99828B1D2180A000178C8E /* WebViewController.swift */ = {isa = PBXFileReference; fileEncoding = 4; lastKnownFileType = sourcecode.swift; path = WebViewController.swift; sourceTree = "<group>"; };
		6A9A14011D2344F8009AFE29 /* ProgrammingListViewController.swift */ = {isa = PBXFileReference; fileEncoding = 4; lastKnownFileType = sourcecode.swift; path = ProgrammingListViewController.swift; sourceTree = "<group>"; };
		6A9CFD311D20EFFB00E1E409 /* Programming&DevelopmentTutorials.app */ = {isa = PBXFileReference; explicitFileType = wrapper.application; includeInIndex = 0; path = "Programming&DevelopmentTutorials.app"; sourceTree = BUILT_PRODUCTS_DIR; };
		6A9CFD341D20EFFB00E1E409 /* AppDelegate.swift */ = {isa = PBXFileReference; lastKnownFileType = sourcecode.swift; path = AppDelegate.swift; sourceTree = "<group>"; };
		6A9CFD361D20EFFB00E1E409 /* ViewController.swift */ = {isa = PBXFileReference; lastKnownFileType = sourcecode.swift; path = ViewController.swift; sourceTree = "<group>"; };
		6A9CFD391D20EFFB00E1E409 /* Base */ = {isa = PBXFileReference; lastKnownFileType = file.storyboard; name = Base; path = Base.lproj/Main.storyboard; sourceTree = "<group>"; };
		6A9CFD3E1D20EFFB00E1E409 /* Assets.xcassets */ = {isa = PBXFileReference; lastKnownFileType = folder.assetcatalog; path = Assets.xcassets; sourceTree = "<group>"; };
		6A9CFD411D20EFFB00E1E409 /* Base */ = {isa = PBXFileReference; lastKnownFileType = file.storyboard; name = Base; path = Base.lproj/LaunchScreen.storyboard; sourceTree = "<group>"; };
		6A9CFD431D20EFFB00E1E409 /* Info.plist */ = {isa = PBXFileReference; lastKnownFileType = text.plist.xml; path = Info.plist; sourceTree = "<group>"; };
		6A9CFD491D20FDA500E1E409 /* Custome.swift */ = {isa = PBXFileReference; fileEncoding = 4; lastKnownFileType = sourcecode.swift; path = Custome.swift; sourceTree = "<group>"; };
		6AA5E4E31D68A9DF004572A9 /* WebArticleViewController.swift */ = {isa = PBXFileReference; fileEncoding = 4; lastKnownFileType = sourcecode.swift; path = WebArticleViewController.swift; sourceTree = "<group>"; };
		6AA74CBC1D2E5596005298EF /* FeedBackClass.swift */ = {isa = PBXFileReference; fileEncoding = 4; lastKnownFileType = sourcecode.swift; path = FeedBackClass.swift; sourceTree = "<group>"; };
		6ADE559B1D269AAE00C0ECAF /* Assets.ProgrammingList.xcassets */ = {isa = PBXFileReference; lastKnownFileType = folder.assetcatalog; path = Assets.ProgrammingList.xcassets; sourceTree = "<group>"; };
		6ADE559D1D26A02900C0ECAF /* ProgrammingListTableViewCell.swift */ = {isa = PBXFileReference; fileEncoding = 4; lastKnownFileType = sourcecode.swift; path = ProgrammingListTableViewCell.swift; sourceTree = "<group>"; };
/* End PBXFileReference section */

/* Begin PBXFrameworksBuildPhase section */
		6A9CFD2E1D20EFFB00E1E409 /* Frameworks */ = {
			isa = PBXFrameworksBuildPhase;
			buildActionMask = 2147483647;
			files = (
			);
			runOnlyForDeploymentPostprocessing = 0;
		};
/* End PBXFrameworksBuildPhase section */

/* Begin PBXGroup section */
		6A5E42061D34097500DF7B39 /* Programming List */ = {
			isa = PBXGroup;
			children = (
				6ADE559B1D269AAE00C0ECAF /* Assets.ProgrammingList.xcassets */,
				6A9A14011D2344F8009AFE29 /* ProgrammingListViewController.swift */,
				6ADE559D1D26A02900C0ECAF /* ProgrammingListTableViewCell.swift */,
				6AA5E4E31D68A9DF004572A9 /* WebArticleViewController.swift */,
			);
			name = "Programming List";
			sourceTree = "<group>";
		};
		6A5E42071D340B5E00DF7B39 /* Videos */ = {
			isa = PBXGroup;
			children = (
			);
			name = Videos;
			sourceTree = "<group>";
		};
		6A5E42081D340B7700DF7B39 /* Main Page */ = {
			isa = PBXGroup;
			children = (
				6A9CFD361D20EFFB00E1E409 /* ViewController.swift */,
				6A9CFD491D20FDA500E1E409 /* Custome.swift */,
			);
			name = "Main Page";
			sourceTree = "<group>";
		};
		6A7174FE1D284D51005F35C8 /* Website */ = {
			isa = PBXGroup;
			children = (
				6A99828B1D2180A000178C8E /* WebViewController.swift */,
			);
			name = Website;
			sourceTree = "<group>";
		};
		6A7601001D35027D001F58CC /* Contact Us */ = {
			isa = PBXGroup;
			children = (
				6A7601011D350306001F58CC /* ContactUsController.swift */,
			);
			name = "Contact Us";
			sourceTree = "<group>";
		};
		6A98DEC81D4A8294000E1525 /* Channel */ = {
			isa = PBXGroup;
			children = (
				6A98DECB1D4A8363000E1525 /* ChannelController.swift */,
			);
			name = Channel;
			sourceTree = "<group>";
		};
		6A9CFD281D20EFFB00E1E409 = {
			isa = PBXGroup;
			children = (
				6A9CFD331D20EFFB00E1E409 /* Programming&DevelopmentTutorials */,
				6A9CFD321D20EFFB00E1E409 /* Products */,
			);
			sourceTree = "<group>";
		};
		6A9CFD321D20EFFB00E1E409 /* Products */ = {
			isa = PBXGroup;
			children = (
				6A9CFD311D20EFFB00E1E409 /* Programming&DevelopmentTutorials.app */,
			);
			name = Products;
			sourceTree = "<group>";
		};
		6A9CFD331D20EFFB00E1E409 /* Programming&DevelopmentTutorials */ = {
			isa = PBXGroup;
			children = (
				6A98DEC81D4A8294000E1525 /* Channel */,
				6A7601001D35027D001F58CC /* Contact Us */,
				6A5E42081D340B7700DF7B39 /* Main Page */,
				6A5E42071D340B5E00DF7B39 /* Videos */,
				6A5E42061D34097500DF7B39 /* Programming List */,
				6AA74CBB1D2E5543005298EF /* FeedBack */,
				6A7174FE1D284D51005F35C8 /* Website */,
				6A9CFD341D20EFFB00E1E409 /* AppDelegate.swift */,
				6A9CFD381D20EFFB00E1E409 /* Main.storyboard */,
				6A9CFD3E1D20EFFB00E1E409 /* Assets.xcassets */,
				6A9CFD401D20EFFB00E1E409 /* LaunchScreen.storyboard */,
				6A9CFD431D20EFFB00E1E409 /* Info.plist */,
			);
			path = "Programming&DevelopmentTutorials";
			sourceTree = "<group>";
		};
		6AA74CBB1D2E5543005298EF /* FeedBack */ = {
			isa = PBXGroup;
			children = (
				6AA74CBC1D2E5596005298EF /* FeedBackClass.swift */,
			);
			name = FeedBack;
			sourceTree = "<group>";
		};
/* End PBXGroup section */

/* Begin PBXNativeTarget section */
		6A9CFD301D20EFFB00E1E409 /* Programming&DevelopmentTutorials */ = {
			isa = PBXNativeTarget;
			buildConfigurationList = 6A9CFD461D20EFFB00E1E409 /* Build configuration list for PBXNativeTarget "Programming&DevelopmentTutorials" */;
			buildPhases = (
				6A9CFD2D1D20EFFB00E1E409 /* Sources */,
				6A9CFD2E1D20EFFB00E1E409 /* Frameworks */,
				6A9CFD2F1D20EFFB00E1E409 /* Resources */,
			);
			buildRules = (
			);
			dependencies = (
			);
			name = "Programming&DevelopmentTutorials";
			productName = "Programming&DevelopmentTutorials";
			productReference = 6A9CFD311D20EFFB00E1E409 /* Programming&DevelopmentTutorials.app */;
			productType = "com.apple.product-type.application";
		};
/* End PBXNativeTarget section */

/* Begin PBXProject section */
		6A9CFD291D20EFFB00E1E409 /* Project object */ = {
			isa = PBXProject;
			attributes = {
				LastSwiftUpdateCheck = 0730;
				LastUpgradeCheck = 0820;
				ORGANIZATIONNAME = "Khawar Islam";
				TargetAttributes = {
					6A9CFD301D20EFFB00E1E409 = {
						CreatedOnToolsVersion = 7.3;
						LastSwiftMigration = 0820;
					};
				};
			};
			buildConfigurationList = 6A9CFD2C1D20EFFB00E1E409 /* Build configuration list for PBXProject "Programming&DevelopmentTutorials" */;
			compatibilityVersion = "Xcode 3.2";
			developmentRegion = English;
			hasScannedForEncodings = 0;
			knownRegions = (
				en,
				Base,
			);
			mainGroup = 6A9CFD281D20EFFB00E1E409;
			productRefGroup = 6A9CFD321D20EFFB00E1E409 /* Products */;
			projectDirPath = "";
			projectRoot = "";
			targets = (
				6A9CFD301D20EFFB00E1E409 /* Programming&DevelopmentTutorials */,
			);
		};
/* End PBXProject section */

/* Begin PBXResourcesBuildPhase section */
		6A9CFD2F1D20EFFB00E1E409 /* Resources */ = {
			isa = PBXResourcesBuildPhase;
			buildActionMask = 2147483647;
			files = (
				6A9CFD421D20EFFB00E1E409 /* LaunchScreen.storyboard in Resources */,
				6A9CFD3F1D20EFFB00E1E409 /* Assets.xcassets in Resources */,
				6A9CFD3A1D20EFFB00E1E409 /* Main.storyboard in Resources */,
				6ADE559C1D269AAE00C0ECAF /* Assets.ProgrammingList.xcassets in Resources */,
			);
			runOnlyForDeploymentPostprocessing = 0;
		};
/* End PBXResourcesBuildPhase section */

/* Begin PBXSourcesBuildPhase section */
		6A9CFD2D1D20EFFB00E1E409 /* Sources */ = {
			isa = PBXSourcesBuildPhase;
			buildActionMask = 2147483647;
			files = (
				6A9CFD4A1D20FDA500E1E409 /* Custome.swift in Sources */,
				6AA74CBD1D2E5596005298EF /* FeedBackClass.swift in Sources */,
				6A9CFD371D20EFFB00E1E409 /* ViewController.swift in Sources */,
				6A98DECC1D4A8363000E1525 /* ChannelController.swift in Sources */,
				6A9CFD351D20EFFB00E1E409 /* AppDelegate.swift in Sources */,
				6A7601021D350306001F58CC /* ContactUsController.swift in Sources */,
				6A99828C1D2180A000178C8E /* WebViewController.swift in Sources */,
				6A9A14021D2344F8009AFE29 /* ProgrammingListViewController.swift in Sources */,
				6AA5E4E41D68A9DF004572A9 /* WebArticleViewController.swift in Sources */,
				6ADE559E1D26A02900C0ECAF /* ProgrammingListTableViewCell.swift in Sources */,
			);
			runOnlyForDeploymentPostprocessing = 0;
		};
/* End PBXSourcesBuildPhase section */

/* Begin PBXVariantGroup section */
		6A9CFD381D20EFFB00E1E409 /* Main.storyboard */ = {
			isa = PBXVariantGroup;
			children = (
				6A9CFD391D20EFFB00E1E409 /* Base */,
			);
			name = Main.storyboard;
			sourceTree = "<group>";
		};
		6A9CFD401D20EFFB00E1E409 /* LaunchScreen.storyboard */ = {
			isa = PBXVariantGroup;
			children = (
				6A9CFD411D20EFFB00E1E409 /* Base */,
			);
			name = LaunchScreen.storyboard;
			sourceTree = "<group>";
		};
/* End PBXVariantGroup section */

/* Begin XCBuildConfiguration section */
		6A9CFD441D20EFFB00E1E409 /* Debug */ = {
			isa = XCBuildConfiguration;
			buildSettings = {
				ALWAYS_SEARCH_USER_PATHS = NO;
				CLANG_ANALYZER_NONNULL = YES;
				CLANG_CXX_LANGUAGE_STANDARD = "gnu++0x";
				CLANG_CXX_LIBRARY = "libc++";
				CLANG_ENABLE_MODULES = YES;
				CLANG_ENABLE_OBJC_ARC = YES;
				CLANG_WARN_BOOL_CONVERSION = YES;
				CLANG_WARN_CONSTANT_CONVERSION = YES;
				CLANG_WARN_DIRECT_OBJC_ISA_USAGE = YES_ERROR;
				CLANG_WARN_EMPTY_BODY = YES;
				CLANG_WARN_ENUM_CONVERSION = YES;
				CLANG_WARN_INFINITE_RECURSION = YES;
				CLANG_WARN_INT_CONVERSION = YES;
				CLANG_WARN_OBJC_ROOT_CLASS = YES_ERROR;
				CLANG_WARN_SUSPICIOUS_MOVE = YES;
				CLANG_WARN_UNREACHABLE_CODE = YES;
				CLANG_WARN__DUPLICATE_METHOD_MATCH = YES;
				"CODE_SIGN_IDENTITY[sdk=iphoneos*]" = "iPhone Developer";
				COPY_PHASE_STRIP = NO;
				DEBUG_INFORMATION_FORMAT = dwarf;
				ENABLE_STRICT_OBJC_MSGSEND = YES;
				ENABLE_TESTABILITY = YES;
				GCC_C_LANGUAGE_STANDARD = gnu99;
				GCC_DYNAMIC_NO_PIC = NO;
				GCC_NO_COMMON_BLOCKS = YES;
				GCC_OPTIMIZATION_LEVEL = 0;
				GCC_PREPROCESSOR_DEFINITIONS = (
					"DEBUG=1",
					"$(inherited)",
				);
				GCC_WARN_64_TO_32_BIT_CONVERSION = YES;
				GCC_WARN_ABOUT_RETURN_TYPE = YES_ERROR;
				GCC_WARN_UNDECLARED_SELECTOR = YES;
				GCC_WARN_UNINITIALIZED_AUTOS = YES_AGGRESSIVE;
				GCC_WARN_UNUSED_FUNCTION = YES;
				GCC_WARN_UNUSED_VARIABLE = YES;
				IPHONEOS_DEPLOYMENT_TARGET = 9.3;
				MTL_ENABLE_DEBUG_INFO = YES;
				ONLY_ACTIVE_ARCH = YES;
				SDKROOT = iphoneos;
				SWIFT_OPTIMIZATION_LEVEL = "-Onone";
				TARGETED_DEVICE_FAMILY = "1,2";
			};
			name = Debug;
		};
		6A9CFD451D20EFFB00E1E409 /* Release */ = {
			isa = XCBuildConfiguration;
			buildSettings = {
				ALWAYS_SEARCH_USER_PATHS = NO;
				CLANG_ANALYZER_NONNULL = YES;
				CLANG_CXX_LANGUAGE_STANDARD = "gnu++0x";
				CLANG_CXX_LIBRARY = "libc++";
				CLANG_ENABLE_MODULES = YES;
				CLANG_ENABLE_OBJC_ARC = YES;
				CLANG_WARN_BOOL_CONVERSION = YES;
				CLANG_WARN_CONSTANT_CONVERSION = YES;
				CLANG_WARN_DIRECT_OBJC_ISA_USAGE = YES_ERROR;
				CLANG_WARN_EMPTY_BODY = YES;
				CLANG_WARN_ENUM_CONVERSION = YES;
				CLANG_WARN_INFINITE_RECURSION = YES;
				CLANG_WARN_INT_CONVERSION = YES;
				CLANG_WARN_OBJC_ROOT_CLASS = YES_ERROR;
				CLANG_WARN_SUSPICIOUS_MOVE = YES;
				CLANG_WARN_UNREACHABLE_CODE = YES;
				CLANG_WARN__DUPLICATE_METHOD_MATCH = YES;
				"CODE_SIGN_IDENTITY[sdk=iphoneos*]" = "iPhone Developer";
				COPY_PHASE_STRIP = NO;
				DEBUG_INFORMATION_FORMAT = "dwarf-with-dsym";
				ENABLE_NS_ASSERTIONS = NO;
				ENABLE_STRICT_OBJC_MSGSEND = YES;
				GCC_C_LANGUAGE_STANDARD = gnu99;
				GCC_NO_COMMON_BLOCKS = YES;
				GCC_WARN_64_TO_32_BIT_CONVERSION = YES;
				GCC_WARN_ABOUT_RETURN_TYPE = YES_ERROR;
				GCC_WARN_UNDECLARED_SELECTOR = YES;
				GCC_WARN_UNINITIALIZED_AUTOS = YES_AGGRESSIVE;
				GCC_WARN_UNUSED_FUNCTION = YES;
				GCC_WARN_UNUSED_VARIABLE = YES;
				IPHONEOS_DEPLOYMENT_TARGET = 9.3;
				MTL_ENABLE_DEBUG_INFO = NO;
				SDKROOT = iphoneos;
				SWIFT_OPTIMIZATION_LEVEL = "-Owholemodule";
				TARGETED_DEVICE_FAMILY = "1,2";
				VALIDATE_PRODUCT = YES;
			};
			name = Release;
		};
		6A9CFD471D20EFFB00E1E409 /* Debug */ = {
			isa = XCBuildConfiguration;
			buildSettings = {
				ASSETCATALOG_COMPILER_APPICON_NAME = AppIcon;
				INFOPLIST_FILE = "Programming&DevelopmentTutorials/Info.plist";
				LD_RUNPATH_SEARCH_PATHS = "$(inherited) @executable_path/Frameworks";
				PRODUCT_BUNDLE_IDENTIFIER = "com.developersociety.Programming-DevelopmentTutorials";
				PRODUCT_NAME = "$(TARGET_NAME)";
				SWIFT_VERSION = 3.0;
			};
			name = Debug;
		};
		6A9CFD481D20EFFB00E1E409 /* Release */ = {
			isa = XCBuildConfiguration;
			buildSettings = {
				ASSETCATALOG_COMPILER_APPICON_NAME = AppIcon;
				INFOPLIST_FILE = "Programming&DevelopmentTutorials/Info.plist";
				LD_RUNPATH_SEARCH_PATHS = "$(inherited) @executable_path/Frameworks";
				PRODUCT_BUNDLE_IDENTIFIER = "com.developersociety.Programming-DevelopmentTutorials";
				PRODUCT_NAME = "$(TARGET_NAME)";
				SWIFT_VERSION = 3.0;
			};
			name = Release;
		};
/* End XCBuildConfiguration section */

/* Begin XCConfigurationList section */
		6A9CFD2C1D20EFFB00E1E409 /* Build configuration list for PBXProject "Programming&DevelopmentTutorials" */ = {
			isa = XCConfigurationList;
			buildConfigurations = (
				6A9CFD441D20EFFB00E1E409 /* Debug */,
				6A9CFD451D20EFFB00E1E409 /* Release */,
			);
			defaultConfigurationIsVisible = 0;
			defaultConfigurationName = Release;
		};
		6A9CFD461D20EFFB00E1E409 /* Build configuration list for PBXNativeTarget "Programming&DevelopmentTutorials" */ = {
			isa = XCConfigurationList;
			buildConfigurations = (
				6A9CFD471D20EFFB00E1E409 /* Debug */,
				6A9CFD481D20EFFB00E1E409 /* Release */,
			);
			defaultConfigurationIsVisible = 0;
			defaultConfigurationName = Release;
		};
/* End XCConfigurationList section */
	};
	rootObject = 6A9CFD291D20EFFB00E1E409 /* Project object */;
}
